
Microsoft Visual Studio Solution File, Format Version 12.00
# Visual Studio Version 16
VisualStudioVersion = 16.0.29009.5
MinimumVisualStudioVersion = 10.0.40219.1
Project("{FAE04EC0-301F-11D3-BF4B-00C04F79EFBC}") = "VirtualDars.Quiz.Backend", "VirtualDars.Quiz.Backend\VirtualDars.Quiz.Backend.csproj", "{208F2B7E-6C58-4C9C-962B-514889CF450C}"
EndProject
Global
	GlobalSection(SolutionConfigurationPlatforms) = preSolution
		Debug|Any CPU = Debug|Any CPU
		Release|Any CPU = Release|Any CPU
	EndGlobalSection
	GlobalSection(ProjectConfigurationPlatforms) = postSolution
		{208F2B7E-6C58-4C9C-962B-514889CF450C}.Debug|Any CPU.ActiveCfg = Debug|Any CPU
		{208F2B7E-6C58-4C9C-962B-514889CF450C}.Debug|Any CPU.Build.0 = Debug|Any CPU
		{208F2B7E-6C58-4C9C-962B-514889CF450C}.Release|Any CPU.ActiveCfg = Release|Any CPU
		{208F2B7E-6C58-4C9C-962B-514889CF450C}.Release|Any CPU.Build.0 = Release|Any CPU
	EndGlobalSection
	GlobalSection(SolutionProperties) = preSolution
		HideSolutionNode = FALSE
	EndGlobalSection
	GlobalSection(ExtensibilityGlobals) = postSolution
		SolutionGuid = {778152F1-C74F-4756-8AAC-5ED0F006056B}
	EndGlobalSection
EndGlobal
